
Microsoft Visual Studio Solution File, Format Version 12.00
# Visual Studio Version 17
VisualStudioVersion = 17.0.31903.59
MinimumVisualStudioVersion = 10.0.40219.1
Project("{FAE04EC0-301F-11D3-BF4B-00C04F79EFBC}") = "PhiraMp.Server", "PhiraMp.Server\PhiraMp.Server.csproj", "{3C5F1D3A-4A25-4545-825A-AFF98FFEC439}"
EndProject
Project("{FAE04EC0-301F-11D3-BF4B-00C04F79EFBC}") = "PhiraMp.Core", "PhiraMp.Core\PhiraMp.Core.csproj", "{0320CCE2-3651-4221-AA8E-CDF2E4F6C07E}"
EndProject
Project("{FAE04EC0-301F-11D3-BF4B-00C04F79EFBC}") = "PhiraMp.Plugins.CommandPlugin", "PhiraMp.Plugins.CommandPlugin\PhiraMp.Plugins.CommandPlugin.csproj", "{B3AB2FAC-C9F6-4666-A44C-E7DE6ECEB100}"
EndProject
Project("{FAE04EC0-301F-11D3-BF4B-00C04F79EFBC}") = "PhiraMp.Plugins.CycleVoting", "PhiraMp.Plugins.CycleVoting\PhiraMp.Plugins.CycleVoting.csproj", "{406E9119-722F-4868-BB95-C9E8B93C2575}"
EndProject
Global
	GlobalSection(SolutionConfigurationPlatforms) = preSolution
		Debug|Any CPU = Debug|Any CPU
		Debug|x64 = Debug|x64
		Debug|x86 = Debug|x86
		Release|Any CPU = Release|Any CPU
		Release|x64 = Release|x64
		Release|x86 = Release|x86
	EndGlobalSection
	GlobalSection(ProjectConfigurationPlatforms) = postSolution
		{3C5F1D3A-4A25-4545-825A-AFF98FFEC439}.Debug|Any CPU.ActiveCfg = Debug|Any CPU
		{3C5F1D3A-4A25-4545-825A-AFF98FFEC439}.Debug|Any CPU.Build.0 = Debug|Any CPU
		{3C5F1D3A-4A25-4545-825A-AFF98FFEC439}.Debug|x64.ActiveCfg = Debug|Any CPU
		{3C5F1D3A-4A25-4545-825A-AFF98FFEC439}.Debug|x64.Build.0 = Debug|Any CPU
		{3C5F1D3A-4A25-4545-825A-AFF98FFEC439}.Debug|x86.ActiveCfg = Debug|Any CPU
		{3C5F1D3A-4A25-4545-825A-AFF98FFEC439}.Debug|x86.Build.0 = Debug|Any CPU
		{3C5F1D3A-4A25-4545-825A-AFF98FFEC439}.Release|Any CPU.ActiveCfg = Release|Any CPU
		{3C5F1D3A-4A25-4545-825A-AFF98FFEC439}.Release|Any CPU.Build.0 = Release|Any CPU
		{3C5F1D3A-4A25-4545-825A-AFF98FFEC439}.Release|x64.ActiveCfg = Release|Any CPU
		{3C5F1D3A-4A25-4545-825A-AFF98FFEC439}.Release|x64.Build.0 = Release|Any CPU
		{3C5F1D3A-4A25-4545-825A-AFF98FFEC439}.Release|x86.ActiveCfg = Release|Any CPU
		{3C5F1D3A-4A25-4545-825A-AFF98FFEC439}.Release|x86.Build.0 = Release|Any CPU
		{0320CCE2-3651-4221-AA8E-CDF2E4F6C07E}.Debug|Any CPU.ActiveCfg = Debug|Any CPU
		{0320CCE2-3651-4221-AA8E-CDF2E4F6C07E}.Debug|Any CPU.Build.0 = Debug|Any CPU
		{0320CCE2-3651-4221-AA8E-CDF2E4F6C07E}.Debug|x64.ActiveCfg = Debug|Any CPU
		{0320CCE2-3651-4221-AA8E-CDF2E4F6C07E}.Debug|x64.Build.0 = Debug|Any CPU
		{0320CCE2-3651-4221-AA8E-CDF2E4F6C07E}.Debug|x86.ActiveCfg = Debug|Any CPU
		{0320CCE2-3651-4221-AA8E-CDF2E4F6C07E}.Debug|x86.Build.0 = Debug|Any CPU
		{0320CCE2-3651-4221-AA8E-CDF2E4F6C07E}.Release|Any CPU.ActiveCfg = Release|Any CPU
		{0320CCE2-3651-4221-AA8E-CDF2E4F6C07E}.Release|Any CPU.Build.0 = Release|Any CPU
		{0320CCE2-3651-4221-AA8E-CDF2E4F6C07E}.Release|x64.ActiveCfg = Release|Any CPU
		{0320CCE2-3651-4221-AA8E-CDF2E4F6C07E}.Release|x64.Build.0 = Release|Any CPU
		{0320CCE2-3651-4221-AA8E-CDF2E4F6C07E}.Release|x86.ActiveCfg = Release|Any CPU
		{0320CCE2-3651-4221-AA8E-CDF2E4F6C07E}.Release|x86.Build.0 = Release|Any CPU
		{B3AB2FAC-C9F6-4666-A44C-E7DE6ECEB100}.Debug|Any CPU.ActiveCfg = Debug|Any CPU
		{B3AB2FAC-C9F6-4666-A44C-E7DE6ECEB100}.Debug|Any CPU.Build.0 = Debug|Any CPU
		{B3AB2FAC-C9F6-4666-A44C-E7DE6ECEB100}.Debug|x64.ActiveCfg = Debug|Any CPU
		{B3AB2FAC-C9F6-4666-A44C-E7DE6ECEB100}.Debug|x64.Build.0 = Debug|Any CPU
		{B3AB2FAC-C9F6-4666-A44C-E7DE6ECEB100}.Debug|x86.ActiveCfg = Debug|Any CPU
		{B3AB2FAC-C9F6-4666-A44C-E7DE6ECEB100}.Debug|x86.Build.0 = Debug|Any CPU
		{B3AB2FAC-C9F6-4666-A44C-E7DE6ECEB100}.Release|Any CPU.ActiveCfg = Release|Any CPU
		{B3AB2FAC-C9F6-4666-A44C-E7DE6ECEB100}.Release|Any CPU.Build.0 = Release|Any CPU
		{B3AB2FAC-C9F6-4666-A44C-E7DE6ECEB100}.Release|x64.ActiveCfg = Release|Any CPU
		{B3AB2FAC-C9F6-4666-A44C-E7DE6ECEB100}.Release|x64.Build.0 = Release|Any CPU
		{B3AB2FAC-C9F6-4666-A44C-E7DE6ECEB100}.Release|x86.ActiveCfg = Release|Any CPU
		{B3AB2FAC-C9F6-4666-A44C-E7DE6ECEB100}.Release|x86.Build.0 = Release|Any CPU
		{406E9119-722F-4868-BB95-C9E8B93C2575}.Debug|Any CPU.ActiveCfg = Debug|Any CPU
		{406E9119-722F-4868-BB95-C9E8B93C2575}.Debug|Any CPU.Build.0 = Debug|Any CPU
		{406E9119-722F-4868-BB95-C9E8B93C2575}.Debug|x64.ActiveCfg = Debug|Any CPU
		{406E9119-722F-4868-BB95-C9E8B93C2575}.Debug|x64.Build.0 = Debug|Any CPU
		{406E9119-722F-4868-BB95-C9E8B93C2575}.Debug|x86.ActiveCfg = Debug|Any CPU
		{406E9119-722F-4868-BB95-C9E8B93C2575}.Debug|x86.Build.0 = Debug|Any CPU
		{406E9119-722F-4868-BB95-C9E8B93C2575}.Release|Any CPU.ActiveCfg = Release|Any CPU
		{406E9119-722F-4868-BB95-C9E8B93C2575}.Release|Any CPU.Build.0 = Release|Any CPU
		{406E9119-722F-4868-BB95-C9E8B93C2575}.Release|x64.ActiveCfg = Release|Any CPU
		{406E9119-722F-4868-BB95-C9E8B93C2575}.Release|x64.Build.0 = Release|Any CPU
		{406E9119-722F-4868-BB95-C9E8B93C2575}.Release|x86.ActiveCfg = Release|Any CPU
		{406E9119-722F-4868-BB95-C9E8B93C2575}.Release|x86.Build.0 = Release|Any CPU
	EndGlobalSection
	GlobalSection(SolutionProperties) = preSolution
		HideSolutionNode = FALSE
	EndGlobalSection
EndGlobal
